<Solution>
  <Folder Name="/src/">
    <Project Path="src/Chocobot/Chocobot.csproj" />
    <Project Path="src/CutsceneTranscripts/CutsceneTranscripts.csproj" />
    <Project Path="src/IINACTNativeOverlay/IINACTNativeOverlay.csproj" />
  </Folder>
  <Folder Name="/src/CursorIndicator/">
    <Project Path="src/CursorIndicator/CursorTrailIndicators.csproj" />
  </Folder>
</Solution>
